// !$*UTF8*$!
{
	archiveVersion = 1;
	classes = {
	};
	objectVersion = 50;
	objects = {

/* Begin PBXBuildFile section */
		F313D4A22480C65B00F0A86C /* OpenGL.framework in Frameworks */ = {isa = PBXBuildFile; fileRef = F313D4A12480C65B00F0A86C /* OpenGL.framework */; };
		F313D4A42480C68C00F0A86C /* GLUT.framework in Frameworks */ = {isa = PBXBuildFile; fileRef = F313D4A32480C68C00F0A86C /* GLUT.framework */; };
		F313D4B42480C72100F0A86C /* velocity.cpp in Sources */ = {isa = PBXBuildFile; fileRef = F313D4A52480C72000F0A86C /* velocity.cpp */; };
		F313D4B62480C72100F0A86C /* uiInteract.cpp in Sources */ = {isa = PBXBuildFile; fileRef = F313D4AC2480C72000F0A86C /* uiInteract.cpp */; };
		F313D4B72480C72100F0A86C /* uiDraw.cpp in Sources */ = {isa = PBXBuildFile; fileRef = F313D4AD2480C72000F0A86C /* uiDraw.cpp */; };
		F313D4B82480C72100F0A86C /* driver.cpp in Sources */ = {isa = PBXBuildFile; fileRef = F313D4B02480C72000F0A86C /* driver.cpp */; };
		F313D4B92480C72100F0A86C /* game.cpp in Sources */ = {isa = PBXBuildFile; fileRef = F313D4B12480C72000F0A86C /* game.cpp */; };
		F313D4BA2480C72100F0A86C /* ground.cpp in Sources */ = {isa = PBXBuildFile; fileRef = F313D4B22480C72100F0A86C /* ground.cpp */; };
		F313D4BB2480C72100F0A86C /* point.cpp in Sources */ = {isa = PBXBuildFile; fileRef = F313D4B32480C72100F0A86C /* point.cpp */; };
		F345A21F24855888009A134C /* lander.cpp in Sources */ = {isa = PBXBuildFile; fileRef = F345A21E24855888009A134C /* lander.cpp */; };
/* End PBXBuildFile section */

/* Begin PBXCopyFilesBuildPhase section */
		F313D4942480C63900F0A86C /* CopyFiles */ = {
			isa = PBXCopyFilesBuildPhase;
			buildActionMask = 2147483647;
			dstPath = /usr/share/man/man1/;
			dstSubfolderSpec = 0;
			files = (
			);
			runOnlyForDeploymentPostprocessing = 1;
		};
/* End PBXCopyFilesBuildPhase section */

/* Begin PBXFileReference section */
		F313D4962480C63900F0A86C /* MoonLanderMS */ = {isa = PBXFileReference; explicitFileType = "compiled.mach-o.executable"; includeInIndex = 0; path = MoonLanderMS; sourceTree = BUILT_PRODUCTS_DIR; };
		F313D4A12480C65B00F0A86C /* OpenGL.framework */ = {isa = PBXFileReference; lastKnownFileType = wrapper.framework; name = OpenGL.framework; path = System/Library/Frameworks/OpenGL.framework; sourceTree = SDKROOT; };
		F313D4A32480C68C00F0A86C /* GLUT.framework */ = {isa = PBXFileReference; lastKnownFileType = wrapper.framework; name = GLUT.framework; path = System/Library/Frameworks/GLUT.framework; sourceTree = SDKROOT; };
		F313D4A52480C72000F0A86C /* velocity.cpp */ = {isa = PBXFileReference; fileEncoding = 4; lastKnownFileType = sourcecode.cpp.cpp; path = velocity.cpp; sourceTree = "<group>"; };
		F313D4A62480C72000F0A86C /* ground.h */ = {isa = PBXFileReference; fileEncoding = 4; lastKnownFileType = sourcecode.c.h; path = ground.h; sourceTree = "<group>"; };
		F313D4A72480C72000F0A86C /* game.h */ = {isa = PBXFileReference; fileEncoding = 4; lastKnownFileType = sourcecode.c.h; path = game.h; sourceTree = "<group>"; };
		F313D4A82480C72000F0A86C /* uiInteract.h */ = {isa = PBXFileReference; fileEncoding = 4; lastKnownFileType = sourcecode.c.h; path = uiInteract.h; sourceTree = "<group>"; };
		F313D4AB2480C72000F0A86C /* point.h */ = {isa = PBXFileReference; fileEncoding = 4; lastKnownFileType = sourcecode.c.h; path = point.h; sourceTree = "<group>"; };
		F313D4AC2480C72000F0A86C /* uiInteract.cpp */ = {isa = PBXFileReference; fileEncoding = 4; lastKnownFileType = sourcecode.cpp.cpp; path = uiInteract.cpp; sourceTree = "<group>"; };
		F313D4AD2480C72000F0A86C /* uiDraw.cpp */ = {isa = PBXFileReference; fileEncoding = 4; lastKnownFileType = sourcecode.cpp.cpp; path = uiDraw.cpp; sourceTree = "<group>"; };
		F313D4AE2480C72000F0A86C /* uiDraw.h */ = {isa = PBXFileReference; fileEncoding = 4; lastKnownFileType = sourcecode.c.h; path = uiDraw.h; sourceTree = "<group>"; };
		F313D4AF2480C72000F0A86C /* velocity.h */ = {isa = PBXFileReference; fileEncoding = 4; lastKnownFileType = sourcecode.c.h; path = velocity.h; sourceTree = "<group>"; };
		F313D4B02480C72000F0A86C /* driver.cpp */ = {isa = PBXFileReference; fileEncoding = 4; lastKnownFileType = sourcecode.cpp.cpp; path = driver.cpp; sourceTree = "<group>"; };
		F313D4B12480C72000F0A86C /* game.cpp */ = {isa = PBXFileReference; fileEncoding = 4; lastKnownFileType = sourcecode.cpp.cpp; path = game.cpp; sourceTree = "<group>"; };
		F313D4B22480C72100F0A86C /* ground.cpp */ = {isa = PBXFileReference; fileEncoding = 4; lastKnownFileType = sourcecode.cpp.cpp; path = ground.cpp; sourceTree = "<group>"; };
		F313D4B32480C72100F0A86C /* point.cpp */ = {isa = PBXFileReference; fileEncoding = 4; lastKnownFileType = sourcecode.cpp.cpp; path = point.cpp; sourceTree = "<group>"; };
		F313D4BC2480C97700F0A86C /* lander.h */ = {isa = PBXFileReference; lastKnownFileType = sourcecode.c.h; path = lander.h; sourceTree = "<group>"; };
		F345A21E24855888009A134C /* lander.cpp */ = {isa = PBXFileReference; lastKnownFileType = sourcecode.cpp.cpp; path = lander.cpp; sourceTree = "<group>"; };
/* End PBXFileReference section */

/* Begin PBXFrameworksBuildPhase section */
		F313D4932480C63900F0A86C /* Frameworks */ = {
			isa = PBXFrameworksBuildPhase;
			buildActionMask = 2147483647;
			files = (
				F313D4A42480C68C00F0A86C /* GLUT.framework in Frameworks */,
				F313D4A22480C65B00F0A86C /* OpenGL.framework in Frameworks */,
			);
			runOnlyForDeploymentPostprocessing = 0;
		};
/* End PBXFrameworksBuildPhase section */

/* Begin PBXGroup section */
		F313D48D2480C63900F0A86C = {
			isa = PBXGroup;
			children = (
				F313D4982480C63900F0A86C /* MoonLanderMS */,
				F313D4972480C63900F0A86C /* Products */,
				F313D4A02480C65B00F0A86C /* Frameworks */,
			);
			sourceTree = "<group>";
		};
		F313D4972480C63900F0A86C /* Products */ = {
			isa = PBXGroup;
			children = (
				F313D4962480C63900F0A86C /* MoonLanderMS */,
			);
			name = Products;
			sourceTree = "<group>";
		};
		F313D4982480C63900F0A86C /* MoonLanderMS */ = {
			isa = PBXGroup;
			children = (
				F313D4B02480C72000F0A86C /* driver.cpp */,
				F313D4B12480C72000F0A86C /* game.cpp */,
				F313D4A72480C72000F0A86C /* game.h */,
				F313D4B22480C72100F0A86C /* ground.cpp */,
				F313D4A62480C72000F0A86C /* ground.h */,
				F313D4B32480C72100F0A86C /* point.cpp */,
				F313D4AB2480C72000F0A86C /* point.h */,
				F313D4AD2480C72000F0A86C /* uiDraw.cpp */,
				F313D4AE2480C72000F0A86C /* uiDraw.h */,
				F313D4AC2480C72000F0A86C /* uiInteract.cpp */,
				F313D4A82480C72000F0A86C /* uiInteract.h */,
				F313D4A52480C72000F0A86C /* velocity.cpp */,
				F313D4AF2480C72000F0A86C /* velocity.h */,
				F313D4BC2480C97700F0A86C /* lander.h */,
				F345A21E24855888009A134C /* lander.cpp */,
			);
			path = MoonLanderMS;
			sourceTree = "<group>";
		};
		F313D4A02480C65B00F0A86C /* Frameworks */ = {
			isa = PBXGroup;
			children = (
				F313D4A32480C68C00F0A86C /* GLUT.framework */,
				F313D4A12480C65B00F0A86C /* OpenGL.framework */,
			);
			name = Frameworks;
			sourceTree = "<group>";
		};
/* End PBXGroup section */

/* Begin PBXNativeTarget section */
		F313D4952480C63900F0A86C /* MoonLanderMS */ = {
			isa = PBXNativeTarget;
			buildConfigurationList = F313D49D2480C63900F0A86C /* Build configuration list for PBXNativeTarget "MoonLanderMS" */;
			buildPhases = (
				F313D4922480C63900F0A86C /* Sources */,
				F313D4932480C63900F0A86C /* Frameworks */,
				F313D4942480C63900F0A86C /* CopyFiles */,
			);
			buildRules = (
			);
			dependencies = (
			);
			name = MoonLanderMS;
			productName = MoonLanderMS;
			productReference = F313D4962480C63900F0A86C /* MoonLanderMS */;
			productType = "com.apple.product-type.tool";
		};
/* End PBXNativeTarget section */

/* Begin PBXProject section */
		F313D48E2480C63900F0A86C /* Project object */ = {
			isa = PBXProject;
			attributes = {
				LastUpgradeCheck = 1150;
				ORGANIZATIONNAME = "Baden Hanchett";
				TargetAttributes = {
					F313D4952480C63900F0A86C = {
						CreatedOnToolsVersion = 11.5;
					};
				};
			};
			buildConfigurationList = F313D4912480C63900F0A86C /* Build configuration list for PBXProject "MoonLanderMS" */;
			compatibilityVersion = "Xcode 9.3";
			developmentRegion = en;
			hasScannedForEncodings = 0;
			knownRegions = (
				en,
				Base,
			);
			mainGroup = F313D48D2480C63900F0A86C;
			productRefGroup = F313D4972480C63900F0A86C /* Products */;
			projectDirPath = "";
			projectRoot = "";
			targets = (
				F313D4952480C63900F0A86C /* MoonLanderMS */,
			);
		};
/* End PBXProject section */

/* Begin PBXSourcesBuildPhase section */
		F313D4922480C63900F0A86C /* Sources */ = {
			isa = PBXSourcesBuildPhase;
			buildActionMask = 2147483647;
			files = (
				F313D4B72480C72100F0A86C /* uiDraw.cpp in Sources */,
				F345A21F24855888009A134C /* lander.cpp in Sources */,
				F313D4B42480C72100F0A86C /* velocity.cpp in Sources */,
				F313D4BA2480C72100F0A86C /* ground.cpp in Sources */,
				F313D4B92480C72100F0A86C /* game.cpp in Sources */,
				F313D4BB2480C72100F0A86C /* point.cpp in Sources */,
				F313D4B62480C72100F0A86C /* uiInteract.cpp in Sources */,
				F313D4B82480C72100F0A86C /* driver.cpp in Sources */,
			);
			runOnlyForDeploymentPostprocessing = 0;
		};
/* End PBXSourcesBuildPhase section */

/* Begin XCBuildConfiguration section */
		F313D49B2480C63900F0A86C /* Debug */ = {
			isa = XCBuildConfiguration;
			buildSettings = {
				ALWAYS_SEARCH_USER_PATHS = NO;
				CLANG_ANALYZER_NONNULL = YES;
				CLANG_ANALYZER_NUMBER_OBJECT_CONVERSION = YES_AGGRESSIVE;
				CLANG_CXX_LANGUAGE_STANDARD = "gnu++14";
				CLANG_CXX_LIBRARY = "libc++";
				CLANG_ENABLE_MODULES = YES;
				CLANG_ENABLE_OBJC_ARC = YES;
				CLANG_ENABLE_OBJC_WEAK = YES;
				CLANG_WARN_BLOCK_CAPTURE_AUTORELEASING = YES;
				CLANG_WARN_BOOL_CONVERSION = YES;
				CLANG_WARN_COMMA = YES;
				CLANG_WARN_CONSTANT_CONVERSION = YES;
				CLANG_WARN_DEPRECATED_OBJC_IMPLEMENTATIONS = YES;
				CLANG_WARN_DIRECT_OBJC_ISA_USAGE = YES_ERROR;
				CLANG_WARN_DOCUMENTATION_COMMENTS = YES;
				CLANG_WARN_EMPTY_BODY = YES;
				CLANG_WARN_ENUM_CONVERSION = YES;
				CLANG_WARN_INFINITE_RECURSION = YES;
				CLANG_WARN_INT_CONVERSION = YES;
				CLANG_WARN_NON_LITERAL_NULL_CONVERSION = YES;
				CLANG_WARN_OBJC_IMPLICIT_RETAIN_SELF = YES;
				CLANG_WARN_OBJC_LITERAL_CONVERSION = YES;
				CLANG_WARN_OBJC_ROOT_CLASS = YES_ERROR;
				CLANG_WARN_RANGE_LOOP_ANALYSIS = YES;
				CLANG_WARN_STRICT_PROTOTYPES = YES;
				CLANG_WARN_SUSPICIOUS_MOVE = YES;
				CLANG_WARN_UNGUARDED_AVAILABILITY = YES_AGGRESSIVE;
				CLANG_WARN_UNREACHABLE_CODE = YES;
				CLANG_WARN__DUPLICATE_METHOD_MATCH = YES;
				COPY_PHASE_STRIP = NO;
				DEBUG_INFORMATION_FORMAT = dwarf;
				ENABLE_STRICT_OBJC_MSGSEND = YES;
				ENABLE_TESTABILITY = YES;
				GCC_C_LANGUAGE_STANDARD = gnu11;
				GCC_DYNAMIC_NO_PIC = NO;
				GCC_NO_COMMON_BLOCKS = YES;
				GCC_OPTIMIZATION_LEVEL = 0;
				GCC_PREPROCESSOR_DEFINITIONS = (
					"DEBUG=1",
					"$(inherited)",
				);
				GCC_WARN_64_TO_32_BIT_CONVERSION = YES;
				GCC_WARN_ABOUT_RETURN_TYPE = YES_ERROR;
				GCC_WARN_UNDECLARED_SELECTOR = YES;
				GCC_WARN_UNINITIALIZED_AUTOS = YES_AGGRESSIVE;
				GCC_WARN_UNUSED_FUNCTION = YES;
				GCC_WARN_UNUSED_VARIABLE = YES;
				MACOSX_DEPLOYMENT_TARGET = 10.15;
				MTL_ENABLE_DEBUG_INFO = INCLUDE_SOURCE;
				MTL_FAST_MATH = YES;
				ONLY_ACTIVE_ARCH = YES;
				SDKROOT = macosx;
			};
			name = Debug;
		};
		F313D49C2480C63900F0A86C /* Release */ = {
			isa = XCBuildConfiguration;
			buildSettings = {
				ALWAYS_SEARCH_USER_PATHS = NO;
				CLANG_ANALYZER_NONNULL = YES;
				CLANG_ANALYZER_NUMBER_OBJECT_CONVERSION = YES_AGGRESSIVE;
				CLANG_CXX_LANGUAGE_STANDARD = "gnu++14";
				CLANG_CXX_LIBRARY = "libc++";
				CLANG_ENABLE_MODULES = YES;
				CLANG_ENABLE_OBJC_ARC = YES;
				CLANG_ENABLE_OBJC_WEAK = YES;
				CLANG_WARN_BLOCK_CAPTURE_AUTORELEASING = YES;
				CLANG_WARN_BOOL_CONVERSION = YES;
				CLANG_WARN_COMMA = YES;
				CLANG_WARN_CONSTANT_CONVERSION = YES;
				CLANG_WARN_DEPRECATED_OBJC_IMPLEMENTATIONS = YES;
				CLANG_WARN_DIRECT_OBJC_ISA_USAGE = YES_ERROR;
				CLANG_WARN_DOCUMENTATION_COMMENTS = YES;
				CLANG_WARN_EMPTY_BODY = YES;
				CLANG_WARN_ENUM_CONVERSION = YES;
				CLANG_WARN_INFINITE_RECURSION = YES;
				CLANG_WARN_INT_CONVERSION = YES;
				CLANG_WARN_NON_LITERAL_NULL_CONVERSION = YES;
				CLANG_WARN_OBJC_IMPLICIT_RETAIN_SELF = YES;
				CLANG_WARN_OBJC_LITERAL_CONVERSION = YES;
				CLANG_WARN_OBJC_ROOT_CLASS = YES_ERROR;
				CLANG_WARN_RANGE_LOOP_ANALYSIS = YES;
				CLANG_WARN_STRICT_PROTOTYPES = YES;
				CLANG_WARN_SUSPICIOUS_MOVE = YES;
				CLANG_WARN_UNGUARDED_AVAILABILITY = YES_AGGRESSIVE;
				CLANG_WARN_UNREACHABLE_CODE = YES;
				CLANG_WARN__DUPLICATE_METHOD_MATCH = YES;
				COPY_PHASE_STRIP = NO;
				DEBUG_INFORMATION_FORMAT = "dwarf-with-dsym";
				ENABLE_NS_ASSERTIONS = NO;
				ENABLE_STRICT_OBJC_MSGSEND = YES;
				GCC_C_LANGUAGE_STANDARD = gnu11;
				GCC_NO_COMMON_BLOCKS = YES;
				GCC_WARN_64_TO_32_BIT_CONVERSION = YES;
				GCC_WARN_ABOUT_RETURN_TYPE = YES_ERROR;
				GCC_WARN_UNDECLARED_SELECTOR = YES;
				GCC_WARN_UNINITIALIZED_AUTOS = YES_AGGRESSIVE;
				GCC_WARN_UNUSED_FUNCTION = YES;
				GCC_WARN_UNUSED_VARIABLE = YES;
				MACOSX_DEPLOYMENT_TARGET = 10.15;
				MTL_ENABLE_DEBUG_INFO = NO;
				MTL_FAST_MATH = YES;
				SDKROOT = macosx;
			};
			name = Release;
		};
		F313D49E2480C63900F0A86C /* Debug */ = {
			isa = XCBuildConfiguration;
			buildSettings = {
				CODE_SIGN_STYLE = Automatic;
				DEVELOPMENT_TEAM = Z5QDGZ7KW5;
				ENABLE_HARDENED_RUNTIME = YES;
				PRODUCT_NAME = "$(TARGET_NAME)";
			};
			name = Debug;
		};
		F313D49F2480C63900F0A86C /* Release */ = {
			isa = XCBuildConfiguration;
			buildSettings = {
				CODE_SIGN_STYLE = Automatic;
				DEVELOPMENT_TEAM = Z5QDGZ7KW5;
				ENABLE_HARDENED_RUNTIME = YES;
				PRODUCT_NAME = "$(TARGET_NAME)";
			};
			name = Release;
		};
/* End XCBuildConfiguration section */

/* Begin XCConfigurationList section */
		F313D4912480C63900F0A86C /* Build configuration list for PBXProject "MoonLanderMS" */ = {
			isa = XCConfigurationList;
			buildConfigurations = (
				F313D49B2480C63900F0A86C /* Debug */,
				F313D49C2480C63900F0A86C /* Release */,
			);
			defaultConfigurationIsVisible = 0;
			defaultConfigurationName = Release;
		};
		F313D49D2480C63900F0A86C /* Build configuration list for PBXNativeTarget "MoonLanderMS" */ = {
			isa = XCConfigurationList;
			buildConfigurations = (
				F313D49E2480C63900F0A86C /* Debug */,
				F313D49F2480C63900F0A86C /* Release */,
			);
			defaultConfigurationIsVisible = 0;
			defaultConfigurationName = Release;
		};
/* End XCConfigurationList section */
	};
	rootObject = F313D48E2480C63900F0A86C /* Project object */;
}
